
Microsoft Visual Studio Solution File, Format Version 12.00
# Visual Studio Version 16
VisualStudioVersion = 16.0.32602.291
MinimumVisualStudioVersion = 10.0.40219.1
Project("{FAE04EC0-301F-11D3-BF4B-00C04F79EFBC}") = "ProjetoTeste", "ProjetoTeste\ProjetoTeste.csproj", "{3199CF6D-5C7A-4974-AB27-D3AFD2F9A6B1}"
EndProject
Global
	GlobalSection(SolutionConfigurationPlatforms) = preSolution
		Debug|Any CPU = Debug|Any CPU
		Release|Any CPU = Release|Any CPU
	EndGlobalSection
	GlobalSection(ProjectConfigurationPlatforms) = postSolution
		{3199CF6D-5C7A-4974-AB27-D3AFD2F9A6B1}.Debug|Any CPU.ActiveCfg = Debug|Any CPU
		{3199CF6D-5C7A-4974-AB27-D3AFD2F9A6B1}.Debug|Any CPU.Build.0 = Debug|Any CPU
		{3199CF6D-5C7A-4974-AB27-D3AFD2F9A6B1}.Release|Any CPU.ActiveCfg = Release|Any CPU
		{3199CF6D-5C7A-4974-AB27-D3AFD2F9A6B1}.Release|Any CPU.Build.0 = Release|Any CPU
	EndGlobalSection
	GlobalSection(SolutionProperties) = preSolution
		HideSolutionNode = FALSE
	EndGlobalSection
	GlobalSection(ExtensibilityGlobals) = postSolution
		SolutionGuid = {1A233BE7-1D41-4B42-B3B6-BA9C4BD11D63}
	EndGlobalSection
EndGlobal
